
Microsoft Visual Studio Solution File, Format Version 12.00
# Visual Studio Version 17
VisualStudioVersion = 17.12.35323.107
MinimumVisualStudioVersion = 10.0.40219.1
Project("{FAE04EC0-301F-11D3-BF4B-00C04F79EFBC}") = "SP_EF_Project1", "SP_EF_Project1.csproj", "{07C51048-40B9-4901-9429-818B9D0CA4EB}"
EndProject
Global
	GlobalSection(SolutionConfigurationPlatforms) = preSolution
		Debug|Any CPU = Debug|Any CPU
		Release|Any CPU = Release|Any CPU
	EndGlobalSection
	GlobalSection(ProjectConfigurationPlatforms) = postSolution
		{07C51048-40B9-4901-9429-818B9D0CA4EB}.Debug|Any CPU.ActiveCfg = Debug|Any CPU
		{07C51048-40B9-4901-9429-818B9D0CA4EB}.Debug|Any CPU.Build.0 = Debug|Any CPU
		{07C51048-40B9-4901-9429-818B9D0CA4EB}.Release|Any CPU.ActiveCfg = Release|Any CPU
		{07C51048-40B9-4901-9429-818B9D0CA4EB}.Release|Any CPU.Build.0 = Release|Any CPU
	EndGlobalSection
	GlobalSection(SolutionProperties) = preSolution
		HideSolutionNode = FALSE
	EndGlobalSection
	GlobalSection(ExtensibilityGlobals) = postSolution
		SolutionGuid = {778FD3FA-B7F3-4B7B-9647-F8B4488E8906}
	EndGlobalSection
EndGlobal
